{
  "lockfile_version": "1",
  "packages": {
    "git@latest": {
      "last_modified": "2025-06-20T02:24:11Z",
      "resolved": "github:NixOS/nixpkgs/076e8c6678d8c54204abcb4b1b14c366835a58bb#git",
      "source": "devbox-search",
      "version": "2.49.0",
      "systems": {
        "aarch64-darwin": {
          "outputs": [
            {
              "name": "out",
              "path": "/nix/store/ir2bhb7n3ngh0dg7p6jbhm1wa4d8gkb7-git-2.49.0",
              "default": true
            },
            {
              "name": "doc",
              "path": "/nix/store/f0bi1v08ki7pq6a4rzhjhnp5szj3940k-git-2.49.0-doc"
            }
          ],
          "store_path": "/nix/store/ir2bhb7n3ngh0dg7p6jbhm1wa4d8gkb7-git-2.49.0"
        },
        "aarch64-linux": {
          "outputs": [
            {
              "name": "out",
              "path": "/nix/store/5p8ljxbgnk31zxbz8hvrfkg1qfgiv3qi-git-2.49.0",
              "default": true
            },
            {
              "name": "debug",
              "path": "/nix/store/isw51rw1b78yw6k454m7h402k88n291w-git-2.49.0-debug"
            },
            {
              "name": "doc",
              "path": "/nix/store/hxw5vli42579b8bkxv6nq2p2z4vjvw97-git-2.49.0-doc"
            }
          ],
          "store_path": "/nix/store/5p8ljxbgnk31zxbz8hvrfkg1qfgiv3qi-git-2.49.0"
        },
        "x86_64-darwin": {
          "outputs": [
            {
              "name": "out",
              "path": "/nix/store/72qfjivfnm6kzdfbiavvici8bi3jzrs6-git-2.49.0",
              "default": true
            },
            {
              "name": "doc",
              "path": "/nix/store/900nidzjyaa0950wk104vzgb82h5wspi-git-2.49.0-doc"
            }
          ],
          "store_path": "/nix/store/72qfjivfnm6kzdfbiavvici8bi3jzrs6-git-2.49.0"
        },
        "x86_64-linux": {
          "outputs": [
            {
              "name": "out",
              "path": "/nix/store/rzqvhv48m3nh8g3j4k6jmz6yqy8apr95-git-2.49.0",
              "default": true
            },
            {
              "name": "debug",
              "path": "/nix/store/201xjz2py285323n3y7r30frdwbdnb6q-git-2.49.0-debug"
            },
            {
              "name": "doc",
              "path": "/nix/store/zcjdp82yx46w8yp1inxkkzb3a3k05a0m-git-2.49.0-doc"
            }
          ],
          "store_path": "/nix/store/rzqvhv48m3nh8g3j4k6jmz6yqy8apr95-git-2.49.0"
        }
      }
    },
    "github:NixOS/nixpkgs/nixpkgs-unstable": {
      "last_modified": "2025-06-24T02:18:21Z",
      "resolved": "github:NixOS/nixpkgs/69dfebb3d175bde602f612915c5576a41b18486b?lastModified=1750731501&narHash=sha256-Ah4qq%2BSbwMaGkuXCibyg%2BFwn00el4KmI3XFX6htfDuk%3D"
    },
    "gnumake@latest": {
      "last_modified": "2025-06-20T02:24:11Z",
      "resolved": "github:NixOS/nixpkgs/076e8c6678d8c54204abcb4b1b14c366835a58bb#gnumake",
      "source": "devbox-search",
      "version": "4.4.1",
      "systems": {
        "aarch64-darwin": {
          "outputs": [
            {
              "name": "out",
              "path": "/nix/store/r7m07s173xa5nlii49999m0666i4sh27-gnumake-4.4.1",
              "default": true
            },
            {
              "name": "man",
              "path": "/nix/store/dk7vh49s82kl68y3pv4b5glmz31xh255-gnumake-4.4.1-man",
              "default": true
            },
            {
              "name": "info",
              "path": "/nix/store/39c179hnw4w0y9pikjxm9zvrsq9wxs6q-gnumake-4.4.1-info"
            }
          ],
          "store_path": "/nix/store/r7m07s173xa5nlii49999m0666i4sh27-gnumake-4.4.1"
        },
        "aarch64-linux": {
          "outputs": [
            {
              "name": "out",
              "path": "/nix/store/1yr3fp9z2a6bnfxyrg9r9a50cn0fgs1c-gnumake-4.4.1",
              "default": true
            },
            {
              "name": "man",
              "path": "/nix/store/8p351d8fiirsppiz0mmjanp4k40k8fb5-gnumake-4.4.1-man",
              "default": true
            },
            {
              "name": "debug",
              "path": "/nix/store/5n3plbn2w3my72ji83f3ffg1rykcj09m-gnumake-4.4.1-debug"
            },
            {
              "name": "info",
              "path": "/nix/store/yahicgkv1xprlqv6nlgzdyfivqmghpbi-gnumake-4.4.1-info"
            }
          ],
          "store_path": "/nix/store/1yr3fp9z2a6bnfxyrg9r9a50cn0fgs1c-gnumake-4.4.1"
        },
        "x86_64-darwin": {
          "outputs": [
            {
              "name": "out",
              "path": "/nix/store/m9l6dyxvkzlawlsb56gmj40ahlvhyg02-gnumake-4.4.1",
              "default": true
            },
            {
              "name": "man",
              "path": "/nix/store/fhf8z0n0qdrzim6jckj0kib749skibp7-gnumake-4.4.1-man",
              "default": true
            },
            {
              "name": "info",
              "path": "/nix/store/27x32j1ild76cv8aw3v89x0vzkz57g9b-gnumake-4.4.1-info"
            }
          ],
          "store_path": "/nix/store/m9l6dyxvkzlawlsb56gmj40ahlvhyg02-gnumake-4.4.1"
        },
        "x86_64-linux": {
          "outputs": [
            {
              "name": "out",
              "path": "/nix/store/20ljlr4fvln0pd2xcrhy6bm27bk1dnc7-gnumake-4.4.1",
              "default": true
            },
            {
              "name": "man",
              "path": "/nix/store/ylv36wr8356r4ff02nlw1h70cigx582h-gnumake-4.4.1-man",
              "default": true
            },
            {
              "name": "debug",
              "path": "/nix/store/6z5kdrm4iz98knwcf6bzkrrdnfc0y521-gnumake-4.4.1-debug"
            },
            {
              "name": "info",
              "path": "/nix/store/qjwiip462nkv8dand7zql6np4plzk8rq-gnumake-4.4.1-info"
            }
          ],
          "store_path": "/nix/store/20ljlr4fvln0pd2xcrhy6bm27bk1dnc7-gnumake-4.4.1"
        }
      }
    },
    "go-task@latest": {
      "last_modified": "2025-06-20T02:24:11Z",
      "resolved": "github:NixOS/nixpkgs/076e8c6678d8c54204abcb4b1b14c366835a58bb#go-task",
      "source": "devbox-search",
      "version": "3.43.3",
      "systems": {
        "aarch64-darwin": {
          "outputs": [
            {
              "name": "out",
              "path": "/nix/store/ss65wy1s6wi6ixm9pypssbj5jm649i2c-go-task-3.43.3",
              "default": true
            }
          ],
          "store_path": "/nix/store/ss65wy1s6wi6ixm9pypssbj5jm649i2c-go-task-3.43.3"
        },
        "aarch64-linux": {
          "outputs": [
            {
              "name": "out",
              "path": "/nix/store/dfs4z98h0kp5zdjc2gz5dzqbsz8qwjnb-go-task-3.43.3",
              "default": true
            }
          ],
          "store_path": "/nix/store/dfs4z98h0kp5zdjc2gz5dzqbsz8qwjnb-go-task-3.43.3"
        },
        "x86_64-darwin": {
          "outputs": [
            {
              "name": "out",
              "path": "/nix/store/s8fc6jpdkvsvqynhwifvaacfq3pvrqmb-go-task-3.43.3",
              "default": true
            }
          ],
          "store_path": "/nix/store/s8fc6jpdkvsvqynhwifvaacfq3pvrqmb-go-task-3.43.3"
        },
        "x86_64-linux": {
          "outputs": [
            {
              "name": "out",
              "path": "/nix/store/64rqvndzck53pq5162qshp47b5rsglrh-go-task-3.43.3",
              "default": true
            }
          ],
          "store_path": "/nix/store/64rqvndzck53pq5162qshp47b5rsglrh-go-task-3.43.3"
        }
      }
    },
    "go@1.23": {
      "last_modified": "2025-06-20T02:24:11Z",
      "resolved": "github:NixOS/nixpkgs/076e8c6678d8c54204abcb4b1b14c366835a58bb#go_1_23",
      "source": "devbox-search",
      "version": "1.23.10",
      "systems": {
        "aarch64-darwin": {
          "outputs": [
            {
              "name": "out",
              "path": "/nix/store/454v005m7rl03r497gs6sxgh523ywkbw-go-1.23.10",
              "default": true
            }
          ],
          "store_path": "/nix/store/454v005m7rl03r497gs6sxgh523ywkbw-go-1.23.10"
        },
        "aarch64-linux": {
          "outputs": [
            {
              "name": "out",
              "path": "/nix/store/2hbd29zqqiy2s2yvpdzzivn4bd9d6a31-go-1.23.10",
              "default": true
            }
          ],
          "store_path": "/nix/store/2hbd29zqqiy2s2yvpdzzivn4bd9d6a31-go-1.23.10"
        },
        "x86_64-darwin": {
          "outputs": [
            {
              "name": "out",
              "path": "/nix/store/3xapsnavnmj9r2jz73f50ra7i6z2xwjy-go-1.23.10",
              "default": true
            }
          ],
          "store_path": "/nix/store/3xapsnavnmj9r2jz73f50ra7i6z2xwjy-go-1.23.10"
        },
        "x86_64-linux": {
          "outputs": [
            {
              "name": "out",
              "path": "/nix/store/l2w8bc1f6k6ldsz78g3p4dnlcd1479ap-go-1.23.10",
              "default": true
            }
          ],
          "store_path": "/nix/store/l2w8bc1f6k6ldsz78g3p4dnlcd1479ap-go-1.23.10"
        }
      }
    },
    "golangci-lint@latest": {
      "last_modified": "2025-06-20T02:24:11Z",
      "resolved": "github:NixOS/nixpkgs/076e8c6678d8c54204abcb4b1b14c366835a58bb#golangci-lint",
      "source": "devbox-search",
      "version": "2.1.6",
      "systems": {
        "aarch64-darwin": {
          "outputs": [
            {
              "name": "out",
              "path": "/nix/store/5z49nhvzp7i2p66w5kcc6gp88mf6ykm2-golangci-lint-2.1.6",
              "default": true
            }
          ],
          "store_path": "/nix/store/5z49nhvzp7i2p66w5kcc6gp88mf6ykm2-golangci-lint-2.1.6"
        },
        "aarch64-linux": {
          "outputs": [
            {
              "name": "out",
              "path": "/nix/store/xzgnibdhl6n685dhf51bpnvk54scq73b-golangci-lint-2.1.6",
              "default": true
            }
          ],
          "store_path": "/nix/store/xzgnibdhl6n685dhf51bpnvk54scq73b-golangci-lint-2.1.6"
        },
        "x86_64-darwin": {
          "outputs": [
            {
              "name": "out",
              "path": "/nix/store/np9mm9awpdf0sf8yxfa6bx79b4khx9yy-golangci-lint-2.1.6",
              "default": true
            }
          ],
          "store_path": "/nix/store/np9mm9awpdf0sf8yxfa6bx79b4khx9yy-golangci-lint-2.1.6"
        },
        "x86_64-linux": {
          "outputs": [
            {
              "name": "out",
              "path": "/nix/store/drzafhdvgw211wf6rrm0wq7wf0g47m8j-golangci-lint-2.1.6",
              "default": true
            }
          ],
          "store_path": "/nix/store/drzafhdvgw211wf6rrm0wq7wf0g47m8j-golangci-lint-2.1.6"
        }
      }
    },
    "templ@latest": {
      "last_modified": "2025-06-20T02:24:11Z",
      "resolved": "github:NixOS/nixpkgs/076e8c6678d8c54204abcb4b1b14c366835a58bb#templ",
      "source": "devbox-search",
      "version": "0.3.898",
      "systems": {
        "aarch64-darwin": {
          "outputs": [
            {
              "name": "out",
              "path": "/nix/store/cm55qhsx750sqwrxyza9xxplpwb1dh31-templ-0.3.898",
              "default": true
            }
          ],
          "store_path": "/nix/store/cm55qhsx750sqwrxyza9xxplpwb1dh31-templ-0.3.898"
        },
        "aarch64-linux": {
          "outputs": [
            {
              "name": "out",
              "path": "/nix/store/wh61xcaay9bqvgd57sk2vbii27isc5sf-templ-0.3.898",
              "default": true
            }
          ],
          "store_path": "/nix/store/wh61xcaay9bqvgd57sk2vbii27isc5sf-templ-0.3.898"
        },
        "x86_64-darwin": {
          "outputs": [
            {
              "name": "out",
              "path": "/nix/store/acca0cbhwymj7qwhs9kvk2kmharbsd01-templ-0.3.898",
              "default": true
            }
          ],
          "store_path": "/nix/store/acca0cbhwymj7qwhs9kvk2kmharbsd01-templ-0.3.898"
        },
        "x86_64-linux": {
          "outputs": [
            {
              "name": "out",
              "path": "/nix/store/cn4sdzni4jbrbcqdm0q3nc78kkcwnv2g-templ-0.3.898",
              "default": true
            }
          ],
          "store_path": "/nix/store/cn4sdzni4jbrbcqdm0q3nc78kkcwnv2g-templ-0.3.898"
        }
      }
    }
  }
}
